
Microsoft Visual Studio Solution File, Format Version 12.00
# Visual Studio Version 17
VisualStudioVersion = 17.4.33110.190
MinimumVisualStudioVersion = 10.0.40219.1
Project("{9A19103F-16F7-4668-BE54-9A1E7A4F7556}") = "TBC.Task.API", "TBC.Task.API\TBC.Task.API.csproj", "{EF632241-FD60-4C03-A140-06661B765CFD}"
EndProject
Project("{9A19103F-16F7-4668-BE54-9A1E7A4F7556}") = "TBC.Task.Repository", "TBC.Task.Repository\TBC.Task.Repository.csproj", "{2A9D619E-C58E-4C8D-B77F-67CE89C0A938}"
EndProject
Project("{9A19103F-16F7-4668-BE54-9A1E7A4F7556}") = "TBC.Task.Service", "TBC.Task.Service\TBC.Task.Service.csproj", "{C898B3F3-FBA4-4917-B052-237CB6426F94}"
EndProject
Project("{2150E333-8FDC-42A3-9474-1A3956D46DE8}") = "Application", "Application", "{82E79185-0F6C-4865-931A-D90C76463811}"
EndProject
Project("{2150E333-8FDC-42A3-9474-1A3956D46DE8}") = "Test", "Test", "{7B0C2C90-181B-4784-A1CC-787B439D5071}"
EndProject
Project("{2150E333-8FDC-42A3-9474-1A3956D46DE8}") = "Infrastructure", "Infrastructure", "{3852C7EF-962A-4B97-83FE-E44C9ACCFFB5}"
EndProject
Project("{2150E333-8FDC-42A3-9474-1A3956D46DE8}") = "Aggregation", "Aggregation", "{F6679C01-CD8A-4B0C-B0EE-5F15DD985A95}"
EndProject
Project("{9A19103F-16F7-4668-BE54-9A1E7A4F7556}") = "TBC.Task.Domain", "TBC.Task.Domain\TBC.Task.Domain.csproj", "{66C81603-B8B5-4D17-B7F8-899B7D2E5C9A}"
EndProject
Project("{9A19103F-16F7-4668-BE54-9A1E7A4F7556}") = "TBC.Task.Dependency.Configuration", "TBC.Task.Dependency.Configuration\TBC.Task.Dependency.Configuration.csproj", "{1D338DF5-90F3-446A-A599-315E3EF7CD4E}"
EndProject
Project("{FAE04EC0-301F-11D3-BF4B-00C04F79EFBC}") = "TBC.Task.UnitTests", "TBC.Task.UnitTests\TBC.Task.UnitTests.csproj", "{CD8A8878-9DE1-4050-BB33-1EBDA7C200B4}"
EndProject
Global
	GlobalSection(SolutionConfigurationPlatforms) = preSolution
		Debug|Any CPU = Debug|Any CPU
		Release|Any CPU = Release|Any CPU
	EndGlobalSection
	GlobalSection(ProjectConfigurationPlatforms) = postSolution
		{EF632241-FD60-4C03-A140-06661B765CFD}.Debug|Any CPU.ActiveCfg = Debug|Any CPU
		{EF632241-FD60-4C03-A140-06661B765CFD}.Debug|Any CPU.Build.0 = Debug|Any CPU
		{EF632241-FD60-4C03-A140-06661B765CFD}.Release|Any CPU.ActiveCfg = Release|Any CPU
		{EF632241-FD60-4C03-A140-06661B765CFD}.Release|Any CPU.Build.0 = Release|Any CPU
		{2A9D619E-C58E-4C8D-B77F-67CE89C0A938}.Debug|Any CPU.ActiveCfg = Debug|Any CPU
		{2A9D619E-C58E-4C8D-B77F-67CE89C0A938}.Debug|Any CPU.Build.0 = Debug|Any CPU
		{2A9D619E-C58E-4C8D-B77F-67CE89C0A938}.Release|Any CPU.ActiveCfg = Release|Any CPU
		{2A9D619E-C58E-4C8D-B77F-67CE89C0A938}.Release|Any CPU.Build.0 = Release|Any CPU
		{C898B3F3-FBA4-4917-B052-237CB6426F94}.Debug|Any CPU.ActiveCfg = Debug|Any CPU
		{C898B3F3-FBA4-4917-B052-237CB6426F94}.Debug|Any CPU.Build.0 = Debug|Any CPU
		{C898B3F3-FBA4-4917-B052-237CB6426F94}.Release|Any CPU.ActiveCfg = Release|Any CPU
		{C898B3F3-FBA4-4917-B052-237CB6426F94}.Release|Any CPU.Build.0 = Release|Any CPU
		{66C81603-B8B5-4D17-B7F8-899B7D2E5C9A}.Debug|Any CPU.ActiveCfg = Debug|Any CPU
		{66C81603-B8B5-4D17-B7F8-899B7D2E5C9A}.Debug|Any CPU.Build.0 = Debug|Any CPU
		{66C81603-B8B5-4D17-B7F8-899B7D2E5C9A}.Release|Any CPU.ActiveCfg = Release|Any CPU
		{66C81603-B8B5-4D17-B7F8-899B7D2E5C9A}.Release|Any CPU.Build.0 = Release|Any CPU
		{1D338DF5-90F3-446A-A599-315E3EF7CD4E}.Debug|Any CPU.ActiveCfg = Debug|Any CPU
		{1D338DF5-90F3-446A-A599-315E3EF7CD4E}.Debug|Any CPU.Build.0 = Debug|Any CPU
		{1D338DF5-90F3-446A-A599-315E3EF7CD4E}.Release|Any CPU.ActiveCfg = Release|Any CPU
		{1D338DF5-90F3-446A-A599-315E3EF7CD4E}.Release|Any CPU.Build.0 = Release|Any CPU
		{CD8A8878-9DE1-4050-BB33-1EBDA7C200B4}.Debug|Any CPU.ActiveCfg = Debug|Any CPU
		{CD8A8878-9DE1-4050-BB33-1EBDA7C200B4}.Debug|Any CPU.Build.0 = Debug|Any CPU
		{CD8A8878-9DE1-4050-BB33-1EBDA7C200B4}.Release|Any CPU.ActiveCfg = Release|Any CPU
		{CD8A8878-9DE1-4050-BB33-1EBDA7C200B4}.Release|Any CPU.Build.0 = Release|Any CPU
	EndGlobalSection
	GlobalSection(SolutionProperties) = preSolution
		HideSolutionNode = FALSE
	EndGlobalSection
	GlobalSection(NestedProjects) = preSolution
		{EF632241-FD60-4C03-A140-06661B765CFD} = {F6679C01-CD8A-4B0C-B0EE-5F15DD985A95}
		{2A9D619E-C58E-4C8D-B77F-67CE89C0A938} = {3852C7EF-962A-4B97-83FE-E44C9ACCFFB5}
		{C898B3F3-FBA4-4917-B052-237CB6426F94} = {82E79185-0F6C-4865-931A-D90C76463811}
		{66C81603-B8B5-4D17-B7F8-899B7D2E5C9A} = {82E79185-0F6C-4865-931A-D90C76463811}
		{1D338DF5-90F3-446A-A599-315E3EF7CD4E} = {3852C7EF-962A-4B97-83FE-E44C9ACCFFB5}
		{CD8A8878-9DE1-4050-BB33-1EBDA7C200B4} = {7B0C2C90-181B-4784-A1CC-787B439D5071}
	EndGlobalSection
	GlobalSection(ExtensibilityGlobals) = postSolution
		SolutionGuid = {C7206E2D-4AEB-44B5-8441-507F46C14153}
	EndGlobalSection
EndGlobal
